// !$*UTF8*$!
{
	archiveVersion = 1;
	classes = {
	};
	objectVersion = 46;
	objects = {

/* Begin PBXBuildFile section */
		547D7CC61E5ED08B003D3111 /* main.m in Sources */ = {isa = PBXBuildFile; fileRef = 547D7CC51E5ED08B003D3111 /* main.m */; };
		547D7CC91E5ED08B003D3111 /* AppDelegate.m in Sources */ = {isa = PBXBuildFile; fileRef = 547D7CC81E5ED08B003D3111 /* AppDelegate.m */; };
		547D7CCC1E5ED08B003D3111 /* ViewController.m in Sources */ = {isa = PBXBuildFile; fileRef = 547D7CCB1E5ED08B003D3111 /* ViewController.m */; };
		547D7CCF1E5ED08C003D3111 /* Main.storyboard in Resources */ = {isa = PBXBuildFile; fileRef = 547D7CCD1E5ED08C003D3111 /* Main.storyboard */; };
		547D7CD11E5ED08C003D3111 /* Assets.xcassets in Resources */ = {isa = PBXBuildFile; fileRef = 547D7CD01E5ED08C003D3111 /* Assets.xcassets */; };
		547D7CD41E5ED08C003D3111 /* LaunchScreen.storyboard in Resources */ = {isa = PBXBuildFile; fileRef = 547D7CD21E5ED08C003D3111 /* LaunchScreen.storyboard */; };
		547D7CDF1E5ED08C003D3111 /* ZDXOCRuntimeStudyTests.m in Sources */ = {isa = PBXBuildFile; fileRef = 547D7CDE1E5ED08C003D3111 /* ZDXOCRuntimeStudyTests.m */; };
		547D7CEA1E5ED08C003D3111 /* ZDXOCRuntimeStudyUITests.m in Sources */ = {isa = PBXBuildFile; fileRef = 547D7CE91E5ED08C003D3111 /* ZDXOCRuntimeStudyUITests.m */; };
		547D7CFA1E5EDEF0003D3111 /* Person.m in Sources */ = {isa = PBXBuildFile; fileRef = 547D7CF91E5EDEF0003D3111 /* Person.m */; };
		547D7CFE1E601940003D3111 /* UIViewController+MethodSwizzling.m in Sources */ = {isa = PBXBuildFile; fileRef = 547D7CFD1E601940003D3111 /* UIViewController+MethodSwizzling.m */; };
		547D7D021E6036DF003D3111 /* Man.m in Sources */ = {isa = PBXBuildFile; fileRef = 547D7D011E6036DF003D3111 /* Man.m */; };
		547D7D051E603707003D3111 /* Person+AssociatedObject.m in Sources */ = {isa = PBXBuildFile; fileRef = 547D7D041E603707003D3111 /* Person+AssociatedObject.m */; };
		547D7D081E63BC31003D3111 /* UIControl+Custom.m in Sources */ = {isa = PBXBuildFile; fileRef = 547D7D071E63BC31003D3111 /* UIControl+Custom.m */; };
/* End PBXBuildFile section */

/* Begin PBXContainerItemProxy section */
		547D7CDB1E5ED08C003D3111 /* PBXContainerItemProxy */ = {
			isa = PBXContainerItemProxy;
			containerPortal = 547D7CB91E5ED08B003D3111 /* Project object */;
			proxyType = 1;
			remoteGlobalIDString = 547D7CC01E5ED08B003D3111;
			remoteInfo = ZDXOCRuntimeStudy;
		};
		547D7CE61E5ED08C003D3111 /* PBXContainerItemProxy */ = {
			isa = PBXContainerItemProxy;
			containerPortal = 547D7CB91E5ED08B003D3111 /* Project object */;
			proxyType = 1;
			remoteGlobalIDString = 547D7CC01E5ED08B003D3111;
			remoteInfo = ZDXOCRuntimeStudy;
		};
/* End PBXContainerItemProxy section */

/* Begin PBXFileReference section */
		547D7CC11E5ED08B003D3111 /* ZDXOCRuntimeStudy.app */ = {isa = PBXFileReference; explicitFileType = wrapper.application; includeInIndex = 0; path = ZDXOCRuntimeStudy.app; sourceTree = BUILT_PRODUCTS_DIR; };
		547D7CC51E5ED08B003D3111 /* main.m */ = {isa = PBXFileReference; lastKnownFileType = sourcecode.c.objc; path = main.m; sourceTree = "<group>"; };
		547D7CC71E5ED08B003D3111 /* AppDelegate.h */ = {isa = PBXFileReference; lastKnownFileType = sourcecode.c.h; path = AppDelegate.h; sourceTree = "<group>"; };
		547D7CC81E5ED08B003D3111 /* AppDelegate.m */ = {isa = PBXFileReference; lastKnownFileType = sourcecode.c.objc; path = AppDelegate.m; sourceTree = "<group>"; };
		547D7CCA1E5ED08B003D3111 /* ViewController.h */ = {isa = PBXFileReference; lastKnownFileType = sourcecode.c.h; path = ViewController.h; sourceTree = "<group>"; };
		547D7CCB1E5ED08B003D3111 /* ViewController.m */ = {isa = PBXFileReference; lastKnownFileType = sourcecode.c.objc; path = ViewController.m; sourceTree = "<group>"; };
		547D7CCE1E5ED08C003D3111 /* Base */ = {isa = PBXFileReference; lastKnownFileType = file.storyboard; name = Base; path = Base.lproj/Main.storyboard; sourceTree = "<group>"; };
		547D7CD01E5ED08C003D3111 /* Assets.xcassets */ = {isa = PBXFileReference; lastKnownFileType = folder.assetcatalog; path = Assets.xcassets; sourceTree = "<group>"; };
		547D7CD31E5ED08C003D3111 /* Base */ = {isa = PBXFileReference; lastKnownFileType = file.storyboard; name = Base; path = Base.lproj/LaunchScreen.storyboard; sourceTree = "<group>"; };
		547D7CD51E5ED08C003D3111 /* Info.plist */ = {isa = PBXFileReference; lastKnownFileType = text.plist.xml; path = Info.plist; sourceTree = "<group>"; };
		547D7CDA1E5ED08C003D3111 /* ZDXOCRuntimeStudyTests.xctest */ = {isa = PBXFileReference; explicitFileType = wrapper.cfbundle; includeInIndex = 0; path = ZDXOCRuntimeStudyTests.xctest; sourceTree = BUILT_PRODUCTS_DIR; };
		547D7CDE1E5ED08C003D3111 /* ZDXOCRuntimeStudyTests.m */ = {isa = PBXFileReference; lastKnownFileType = sourcecode.c.objc; path = ZDXOCRuntimeStudyTests.m; sourceTree = "<group>"; };
		547D7CE01E5ED08C003D3111 /* Info.plist */ = {isa = PBXFileReference; lastKnownFileType = text.plist.xml; path = Info.plist; sourceTree = "<group>"; };
		547D7CE51E5ED08C003D3111 /* ZDXOCRuntimeStudyUITests.xctest */ = {isa = PBXFileReference; explicitFileType = wrapper.cfbundle; includeInIndex = 0; path = ZDXOCRuntimeStudyUITests.xctest; sourceTree = BUILT_PRODUCTS_DIR; };
		547D7CE91E5ED08C003D3111 /* ZDXOCRuntimeStudyUITests.m */ = {isa = PBXFileReference; lastKnownFileType = sourcecode.c.objc; path = ZDXOCRuntimeStudyUITests.m; sourceTree = "<group>"; };
		547D7CEB1E5ED08C003D3111 /* Info.plist */ = {isa = PBXFileReference; lastKnownFileType = text.plist.xml; path = Info.plist; sourceTree = "<group>"; };
		547D7CF81E5EDEF0003D3111 /* Person.h */ = {isa = PBXFileReference; fileEncoding = 4; lastKnownFileType = sourcecode.c.h; path = Person.h; sourceTree = "<group>"; };
		547D7CF91E5EDEF0003D3111 /* Person.m */ = {isa = PBXFileReference; fileEncoding = 4; lastKnownFileType = sourcecode.c.objc; path = Person.m; sourceTree = "<group>"; };
		547D7CFC1E601940003D3111 /* UIViewController+MethodSwizzling.h */ = {isa = PBXFileReference; fileEncoding = 4; lastKnownFileType = sourcecode.c.h; path = "UIViewController+MethodSwizzling.h"; sourceTree = "<group>"; };
		547D7CFD1E601940003D3111 /* UIViewController+MethodSwizzling.m */ = {isa = PBXFileReference; fileEncoding = 4; lastKnownFileType = sourcecode.c.objc; path = "UIViewController+MethodSwizzling.m"; sourceTree = "<group>"; };
		547D7D001E6036DF003D3111 /* Man.h */ = {isa = PBXFileReference; fileEncoding = 4; lastKnownFileType = sourcecode.c.h; path = Man.h; sourceTree = "<group>"; };
		547D7D011E6036DF003D3111 /* Man.m */ = {isa = PBXFileReference; fileEncoding = 4; lastKnownFileType = sourcecode.c.objc; path = Man.m; sourceTree = "<group>"; };
		547D7D031E603707003D3111 /* Person+AssociatedObject.h */ = {isa = PBXFileReference; fileEncoding = 4; lastKnownFileType = sourcecode.c.h; path = "Person+AssociatedObject.h"; sourceTree = "<group>"; };
		547D7D041E603707003D3111 /* Person+AssociatedObject.m */ = {isa = PBXFileReference; fileEncoding = 4; lastKnownFileType = sourcecode.c.objc; path = "Person+AssociatedObject.m"; sourceTree = "<group>"; };
		547D7D061E63BC31003D3111 /* UIControl+Custom.h */ = {isa = PBXFileReference; fileEncoding = 4; lastKnownFileType = sourcecode.c.h; path = "UIControl+Custom.h"; sourceTree = "<group>"; };
		547D7D071E63BC31003D3111 /* UIControl+Custom.m */ = {isa = PBXFileReference; fileEncoding = 4; lastKnownFileType = sourcecode.c.objc; path = "UIControl+Custom.m"; sourceTree = "<group>"; };
		547D7D091E63D4E8003D3111 /* runtimeConfig.h */ = {isa = PBXFileReference; lastKnownFileType = sourcecode.c.h; path = runtimeConfig.h; sourceTree = "<group>"; };
/* End PBXFileReference section */

/* Begin PBXFrameworksBuildPhase section */
		547D7CBE1E5ED08B003D3111 /* Frameworks */ = {
			isa = PBXFrameworksBuildPhase;
			buildActionMask = 2147483647;
			files = (
			);
			runOnlyForDeploymentPostprocessing = 0;
		};
		547D7CD71E5ED08C003D3111 /* Frameworks */ = {
			isa = PBXFrameworksBuildPhase;
			buildActionMask = 2147483647;
			files = (
			);
			runOnlyForDeploymentPostprocessing = 0;
		};
		547D7CE21E5ED08C003D3111 /* Frameworks */ = {
			isa = PBXFrameworksBuildPhase;
			buildActionMask = 2147483647;
			files = (
			);
			runOnlyForDeploymentPostprocessing = 0;
		};
/* End PBXFrameworksBuildPhase section */

/* Begin PBXGroup section */
		547D7CB81E5ED08B003D3111 = {
			isa = PBXGroup;
			children = (
				547D7CC31E5ED08B003D3111 /* ZDXOCRuntimeStudy */,
				547D7CDD1E5ED08C003D3111 /* ZDXOCRuntimeStudyTests */,
				547D7CE81E5ED08C003D3111 /* ZDXOCRuntimeStudyUITests */,
				547D7CC21E5ED08B003D3111 /* Products */,
			);
			sourceTree = "<group>";
		};
		547D7CC21E5ED08B003D3111 /* Products */ = {
			isa = PBXGroup;
			children = (
				547D7CC11E5ED08B003D3111 /* ZDXOCRuntimeStudy.app */,
				547D7CDA1E5ED08C003D3111 /* ZDXOCRuntimeStudyTests.xctest */,
				547D7CE51E5ED08C003D3111 /* ZDXOCRuntimeStudyUITests.xctest */,
			);
			name = Products;
			sourceTree = "<group>";
		};
		547D7CC31E5ED08B003D3111 /* ZDXOCRuntimeStudy */ = {
			isa = PBXGroup;
			children = (
				547D7CC71E5ED08B003D3111 /* AppDelegate.h */,
				547D7CC81E5ED08B003D3111 /* AppDelegate.m */,
				547D7CCA1E5ED08B003D3111 /* ViewController.h */,
				547D7CCB1E5ED08B003D3111 /* ViewController.m */,
				547D7D091E63D4E8003D3111 /* runtimeConfig.h */,
				547D7CFF1E6036C5003D3111 /* AssociatedObjectsGroup */,
				547D7CFB1E6018E5003D3111 /* MethodSwizzlingGroup */,
				547D7CF71E5EDEDA003D3111 /* Group1 */,
				547D7CCD1E5ED08C003D3111 /* Main.storyboard */,
				547D7CD01E5ED08C003D3111 /* Assets.xcassets */,
				547D7CD21E5ED08C003D3111 /* LaunchScreen.storyboard */,
				547D7CD51E5ED08C003D3111 /* Info.plist */,
				547D7CC41E5ED08B003D3111 /* Supporting Files */,
			);
			path = ZDXOCRuntimeStudy;
			sourceTree = "<group>";
		};
		547D7CC41E5ED08B003D3111 /* Supporting Files */ = {
			isa = PBXGroup;
			children = (
				547D7CC51E5ED08B003D3111 /* main.m */,
			);
			name = "Supporting Files";
			sourceTree = "<group>";
		};
		547D7CDD1E5ED08C003D3111 /* ZDXOCRuntimeStudyTests */ = {
			isa = PBXGroup;
			children = (
				547D7CDE1E5ED08C003D3111 /* ZDXOCRuntimeStudyTests.m */,
				547D7CE01E5ED08C003D3111 /* Info.plist */,
			);
			path = ZDXOCRuntimeStudyTests;
			sourceTree = "<group>";
		};
		547D7CE81E5ED08C003D3111 /* ZDXOCRuntimeStudyUITests */ = {
			isa = PBXGroup;
			children = (
				547D7CE91E5ED08C003D3111 /* ZDXOCRuntimeStudyUITests.m */,
				547D7CEB1E5ED08C003D3111 /* Info.plist */,
			);
			path = ZDXOCRuntimeStudyUITests;
			sourceTree = "<group>";
		};
		547D7CF71E5EDEDA003D3111 /* Group1 */ = {
			isa = PBXGroup;
			children = (
				547D7CF81E5EDEF0003D3111 /* Person.h */,
				547D7CF91E5EDEF0003D3111 /* Person.m */,
			);
			path = Group1;
			sourceTree = "<group>";
		};
		547D7CFB1E6018E5003D3111 /* MethodSwizzlingGroup */ = {
			isa = PBXGroup;
			children = (
				547D7CFC1E601940003D3111 /* UIViewController+MethodSwizzling.h */,
				547D7CFD1E601940003D3111 /* UIViewController+MethodSwizzling.m */,
				547D7D061E63BC31003D3111 /* UIControl+Custom.h */,
				547D7D071E63BC31003D3111 /* UIControl+Custom.m */,
			);
			path = MethodSwizzlingGroup;
			sourceTree = "<group>";
		};
		547D7CFF1E6036C5003D3111 /* AssociatedObjectsGroup */ = {
			isa = PBXGroup;
			children = (
				547D7D001E6036DF003D3111 /* Man.h */,
				547D7D011E6036DF003D3111 /* Man.m */,
				547D7D031E603707003D3111 /* Person+AssociatedObject.h */,
				547D7D041E603707003D3111 /* Person+AssociatedObject.m */,
			);
			path = AssociatedObjectsGroup;
			sourceTree = "<group>";
		};
/* End PBXGroup section */

/* Begin PBXNativeTarget section */
		547D7CC01E5ED08B003D3111 /* ZDXOCRuntimeStudy */ = {
			isa = PBXNativeTarget;
			buildConfigurationList = 547D7CEE1E5ED08C003D3111 /* Build configuration list for PBXNativeTarget "ZDXOCRuntimeStudy" */;
			buildPhases = (
				547D7CBD1E5ED08B003D3111 /* Sources */,
				547D7CBE1E5ED08B003D3111 /* Frameworks */,
				547D7CBF1E5ED08B003D3111 /* Resources */,
			);
			buildRules = (
			);
			dependencies = (
			);
			name = ZDXOCRuntimeStudy;
			productName = ZDXOCRuntimeStudy;
			productReference = 547D7CC11E5ED08B003D3111 /* ZDXOCRuntimeStudy.app */;
			productType = "com.apple.product-type.application";
		};
		547D7CD91E5ED08C003D3111 /* ZDXOCRuntimeStudyTests */ = {
			isa = PBXNativeTarget;
			buildConfigurationList = 547D7CF11E5ED08C003D3111 /* Build configuration list for PBXNativeTarget "ZDXOCRuntimeStudyTests" */;
			buildPhases = (
				547D7CD61E5ED08C003D3111 /* Sources */,
				547D7CD71E5ED08C003D3111 /* Frameworks */,
				547D7CD81E5ED08C003D3111 /* Resources */,
			);
			buildRules = (
			);
			dependencies = (
				547D7CDC1E5ED08C003D3111 /* PBXTargetDependency */,
			);
			name = ZDXOCRuntimeStudyTests;
			productName = ZDXOCRuntimeStudyTests;
			productReference = 547D7CDA1E5ED08C003D3111 /* ZDXOCRuntimeStudyTests.xctest */;
			productType = "com.apple.product-type.bundle.unit-test";
		};
		547D7CE41E5ED08C003D3111 /* ZDXOCRuntimeStudyUITests */ = {
			isa = PBXNativeTarget;
			buildConfigurationList = 547D7CF41E5ED08C003D3111 /* Build configuration list for PBXNativeTarget "ZDXOCRuntimeStudyUITests" */;
			buildPhases = (
				547D7CE11E5ED08C003D3111 /* Sources */,
				547D7CE21E5ED08C003D3111 /* Frameworks */,
				547D7CE31E5ED08C003D3111 /* Resources */,
			);
			buildRules = (
			);
			dependencies = (
				547D7CE71E5ED08C003D3111 /* PBXTargetDependency */,
			);
			name = ZDXOCRuntimeStudyUITests;
			productName = ZDXOCRuntimeStudyUITests;
			productReference = 547D7CE51E5ED08C003D3111 /* ZDXOCRuntimeStudyUITests.xctest */;
			productType = "com.apple.product-type.bundle.ui-testing";
		};
/* End PBXNativeTarget section */

/* Begin PBXProject section */
		547D7CB91E5ED08B003D3111 /* Project object */ = {
			isa = PBXProject;
			attributes = {
				LastUpgradeCheck = 0820;
				ORGANIZATIONNAME = Elbert;
				TargetAttributes = {
					547D7CC01E5ED08B003D3111 = {
						CreatedOnToolsVersion = 8.2.1;
						DevelopmentTeam = 6ZKMB3R7AA;
						ProvisioningStyle = Automatic;
					};
					547D7CD91E5ED08C003D3111 = {
						CreatedOnToolsVersion = 8.2.1;
						ProvisioningStyle = Automatic;
						TestTargetID = 547D7CC01E5ED08B003D3111;
					};
					547D7CE41E5ED08C003D3111 = {
						CreatedOnToolsVersion = 8.2.1;
						ProvisioningStyle = Automatic;
						TestTargetID = 547D7CC01E5ED08B003D3111;
					};
				};
			};
			buildConfigurationList = 547D7CBC1E5ED08B003D3111 /* Build configuration list for PBXProject "ZDXOCRuntimeStudy" */;
			compatibilityVersion = "Xcode 3.2";
			developmentRegion = English;
			hasScannedForEncodings = 0;
			knownRegions = (
				en,
				Base,
			);
			mainGroup = 547D7CB81E5ED08B003D3111;
			productRefGroup = 547D7CC21E5ED08B003D3111 /* Products */;
			projectDirPath = "";
			projectRoot = "";
			targets = (
				547D7CC01E5ED08B003D3111 /* ZDXOCRuntimeStudy */,
				547D7CD91E5ED08C003D3111 /* ZDXOCRuntimeStudyTests */,
				547D7CE41E5ED08C003D3111 /* ZDXOCRuntimeStudyUITests */,
			);
		};
/* End PBXProject section */

/* Begin PBXResourcesBuildPhase section */
		547D7CBF1E5ED08B003D3111 /* Resources */ = {
			isa = PBXResourcesBuildPhase;
			buildActionMask = 2147483647;
			files = (
				547D7CD41E5ED08C003D3111 /* LaunchScreen.storyboard in Resources */,
				547D7CD11E5ED08C003D3111 /* Assets.xcassets in Resources */,
				547D7CCF1E5ED08C003D3111 /* Main.storyboard in Resources */,
			);
			runOnlyForDeploymentPostprocessing = 0;
		};
		547D7CD81E5ED08C003D3111 /* Resources */ = {
			isa = PBXResourcesBuildPhase;
			buildActionMask = 2147483647;
			files = (
			);
			runOnlyForDeploymentPostprocessing = 0;
		};
		547D7CE31E5ED08C003D3111 /* Resources */ = {
			isa = PBXResourcesBuildPhase;
			buildActionMask = 2147483647;
			files = (
			);
			runOnlyForDeploymentPostprocessing = 0;
		};
/* End PBXResourcesBuildPhase section */

/* Begin PBXSourcesBuildPhase section */
		547D7CBD1E5ED08B003D3111 /* Sources */ = {
			isa = PBXSourcesBuildPhase;
			buildActionMask = 2147483647;
			files = (
				547D7D021E6036DF003D3111 /* Man.m in Sources */,
				547D7CFE1E601940003D3111 /* UIViewController+MethodSwizzling.m in Sources */,
				547D7D081E63BC31003D3111 /* UIControl+Custom.m in Sources */,
				547D7CCC1E5ED08B003D3111 /* ViewController.m in Sources */,
				547D7CC91E5ED08B003D3111 /* AppDelegate.m in Sources */,
				547D7CFA1E5EDEF0003D3111 /* Person.m in Sources */,
				547D7CC61E5ED08B003D3111 /* main.m in Sources */,
				547D7D051E603707003D3111 /* Person+AssociatedObject.m in Sources */,
			);
			runOnlyForDeploymentPostprocessing = 0;
		};
		547D7CD61E5ED08C003D3111 /* Sources */ = {
			isa = PBXSourcesBuildPhase;
			buildActionMask = 2147483647;
			files = (
				547D7CDF1E5ED08C003D3111 /* ZDXOCRuntimeStudyTests.m in Sources */,
			);
			runOnlyForDeploymentPostprocessing = 0;
		};
		547D7CE11E5ED08C003D3111 /* Sources */ = {
			isa = PBXSourcesBuildPhase;
			buildActionMask = 2147483647;
			files = (
				547D7CEA1E5ED08C003D3111 /* ZDXOCRuntimeStudyUITests.m in Sources */,
			);
			runOnlyForDeploymentPostprocessing = 0;
		};
/* End PBXSourcesBuildPhase section */

/* Begin PBXTargetDependency section */
		547D7CDC1E5ED08C003D3111 /* PBXTargetDependency */ = {
			isa = PBXTargetDependency;
			target = 547D7CC01E5ED08B003D3111 /* ZDXOCRuntimeStudy */;
			targetProxy = 547D7CDB1E5ED08C003D3111 /* PBXContainerItemProxy */;
		};
		547D7CE71E5ED08C003D3111 /* PBXTargetDependency */ = {
			isa = PBXTargetDependency;
			target = 547D7CC01E5ED08B003D3111 /* ZDXOCRuntimeStudy */;
			targetProxy = 547D7CE61E5ED08C003D3111 /* PBXContainerItemProxy */;
		};
/* End PBXTargetDependency section */

/* Begin PBXVariantGroup section */
		547D7CCD1E5ED08C003D3111 /* Main.storyboard */ = {
			isa = PBXVariantGroup;
			children = (
				547D7CCE1E5ED08C003D3111 /* Base */,
			);
			name = Main.storyboard;
			sourceTree = "<group>";
		};
		547D7CD21E5ED08C003D3111 /* LaunchScreen.storyboard */ = {
			isa = PBXVariantGroup;
			children = (
				547D7CD31E5ED08C003D3111 /* Base */,
			);
			name = LaunchScreen.storyboard;
			sourceTree = "<group>";
		};
/* End PBXVariantGroup section */

/* Begin XCBuildConfiguration section */
		547D7CEC1E5ED08C003D3111 /* Debug */ = {
			isa = XCBuildConfiguration;
			buildSettings = {
				ALWAYS_SEARCH_USER_PATHS = NO;
				CLANG_ANALYZER_NONNULL = YES;
				CLANG_CXX_LANGUAGE_STANDARD = "gnu++0x";
				CLANG_CXX_LIBRARY = "libc++";
				CLANG_ENABLE_MODULES = YES;
				CLANG_ENABLE_OBJC_ARC = YES;
				CLANG_WARN_BOOL_CONVERSION = YES;
				CLANG_WARN_CONSTANT_CONVERSION = YES;
				CLANG_WARN_DIRECT_OBJC_ISA_USAGE = YES_ERROR;
				CLANG_WARN_DOCUMENTATION_COMMENTS = YES;
				CLANG_WARN_EMPTY_BODY = YES;
				CLANG_WARN_ENUM_CONVERSION = YES;
				CLANG_WARN_INFINITE_RECURSION = YES;
				CLANG_WARN_INT_CONVERSION = YES;
				CLANG_WARN_OBJC_ROOT_CLASS = YES_ERROR;
				CLANG_WARN_SUSPICIOUS_MOVE = YES;
				CLANG_WARN_UNREACHABLE_CODE = YES;
				CLANG_WARN__DUPLICATE_METHOD_MATCH = YES;
				"CODE_SIGN_IDENTITY[sdk=iphoneos*]" = "iPhone Developer";
				COPY_PHASE_STRIP = NO;
				DEBUG_INFORMATION_FORMAT = dwarf;
				ENABLE_STRICT_OBJC_MSGSEND = YES;
				ENABLE_TESTABILITY = YES;
				GCC_C_LANGUAGE_STANDARD = gnu99;
				GCC_DYNAMIC_NO_PIC = NO;
				GCC_NO_COMMON_BLOCKS = YES;
				GCC_OPTIMIZATION_LEVEL = 0;
				GCC_PREPROCESSOR_DEFINITIONS = (
					"DEBUG=1",
					"$(inherited)",
				);
				GCC_WARN_64_TO_32_BIT_CONVERSION = YES;
				GCC_WARN_ABOUT_RETURN_TYPE = YES_ERROR;
				GCC_WARN_UNDECLARED_SELECTOR = YES;
				GCC_WARN_UNINITIALIZED_AUTOS = YES_AGGRESSIVE;
				GCC_WARN_UNUSED_FUNCTION = YES;
				GCC_WARN_UNUSED_VARIABLE = YES;
				IPHONEOS_DEPLOYMENT_TARGET = 10.2;
				MTL_ENABLE_DEBUG_INFO = YES;
				ONLY_ACTIVE_ARCH = YES;
				SDKROOT = iphoneos;
				TARGETED_DEVICE_FAMILY = "1,2";
			};
			name = Debug;
		};
		547D7CED1E5ED08C003D3111 /* Release */ = {
			isa = XCBuildConfiguration;
			buildSettings = {
				ALWAYS_SEARCH_USER_PATHS = NO;
				CLANG_ANALYZER_NONNULL = YES;
				CLANG_CXX_LANGUAGE_STANDARD = "gnu++0x";
				CLANG_CXX_LIBRARY = "libc++";
				CLANG_ENABLE_MODULES = YES;
				CLANG_ENABLE_OBJC_ARC = YES;
				CLANG_WARN_BOOL_CONVERSION = YES;
				CLANG_WARN_CONSTANT_CONVERSION = YES;
				CLANG_WARN_DIRECT_OBJC_ISA_USAGE = YES_ERROR;
				CLANG_WARN_DOCUMENTATION_COMMENTS = YES;
				CLANG_WARN_EMPTY_BODY = YES;
				CLANG_WARN_ENUM_CONVERSION = YES;
				CLANG_WARN_INFINITE_RECURSION = YES;
				CLANG_WARN_INT_CONVERSION = YES;
				CLANG_WARN_OBJC_ROOT_CLASS = YES_ERROR;
				CLANG_WARN_SUSPICIOUS_MOVE = YES;
				CLANG_WARN_UNREACHABLE_CODE = YES;
				CLANG_WARN__DUPLICATE_METHOD_MATCH = YES;
				"CODE_SIGN_IDENTITY[sdk=iphoneos*]" = "iPhone Developer";
				COPY_PHASE_STRIP = NO;
				DEBUG_INFORMATION_FORMAT = "dwarf-with-dsym";
				ENABLE_NS_ASSERTIONS = NO;
				ENABLE_STRICT_OBJC_MSGSEND = YES;
				GCC_C_LANGUAGE_STANDARD = gnu99;
				GCC_NO_COMMON_BLOCKS = YES;
				GCC_WARN_64_TO_32_BIT_CONVERSION = YES;
				GCC_WARN_ABOUT_RETURN_TYPE = YES_ERROR;
				GCC_WARN_UNDECLARED_SELECTOR = YES;
				GCC_WARN_UNINITIALIZED_AUTOS = YES_AGGRESSIVE;
				GCC_WARN_UNUSED_FUNCTION = YES;
				GCC_WARN_UNUSED_VARIABLE = YES;
				IPHONEOS_DEPLOYMENT_TARGET = 10.2;
				MTL_ENABLE_DEBUG_INFO = NO;
				SDKROOT = iphoneos;
				TARGETED_DEVICE_FAMILY = "1,2";
				VALIDATE_PRODUCT = YES;
			};
			name = Release;
		};
		547D7CEF1E5ED08C003D3111 /* Debug */ = {
			isa = XCBuildConfiguration;
			buildSettings = {
				ASSETCATALOG_COMPILER_APPICON_NAME = AppIcon;
				CODE_SIGN_IDENTITY = "iPhone Developer";
				DEVELOPMENT_TEAM = 6ZKMB3R7AA;
				INFOPLIST_FILE = ZDXOCRuntimeStudy/Info.plist;
				IPHONEOS_DEPLOYMENT_TARGET = 9.0;
				LD_RUNPATH_SEARCH_PATHS = "$(inherited) @executable_path/Frameworks";
				PRODUCT_BUNDLE_IDENTIFIER = fff.ZDXOCRuntimeStudy;
				PRODUCT_NAME = "$(TARGET_NAME)";
			};
			name = Debug;
		};
		547D7CF01E5ED08C003D3111 /* Release */ = {
			isa = XCBuildConfiguration;
			buildSettings = {
				ASSETCATALOG_COMPILER_APPICON_NAME = AppIcon;
				CODE_SIGN_IDENTITY = "iPhone Developer";
				DEVELOPMENT_TEAM = 6ZKMB3R7AA;
				INFOPLIST_FILE = ZDXOCRuntimeStudy/Info.plist;
				IPHONEOS_DEPLOYMENT_TARGET = 9.0;
				LD_RUNPATH_SEARCH_PATHS = "$(inherited) @executable_path/Frameworks";
				PRODUCT_BUNDLE_IDENTIFIER = fff.ZDXOCRuntimeStudy;
				PRODUCT_NAME = "$(TARGET_NAME)";
			};
			name = Release;
		};
		547D7CF21E5ED08C003D3111 /* Debug */ = {
			isa = XCBuildConfiguration;
			buildSettings = {
				BUNDLE_LOADER = "$(TEST_HOST)";
				INFOPLIST_FILE = ZDXOCRuntimeStudyTests/Info.plist;
				LD_RUNPATH_SEARCH_PATHS = "$(inherited) @executable_path/Frameworks @loader_path/Frameworks";
				PRODUCT_BUNDLE_IDENTIFIER = fff.ZDXOCRuntimeStudyTests;
				PRODUCT_NAME = "$(TARGET_NAME)";
				TEST_HOST = "$(BUILT_PRODUCTS_DIR)/ZDXOCRuntimeStudy.app/ZDXOCRuntimeStudy";
			};
			name = Debug;
		};
		547D7CF31E5ED08C003D3111 /* Release */ = {
			isa = XCBuildConfiguration;
			buildSettings = {
				BUNDLE_LOADER = "$(TEST_HOST)";
				INFOPLIST_FILE = ZDXOCRuntimeStudyTests/Info.plist;
				LD_RUNPATH_SEARCH_PATHS = "$(inherited) @executable_path/Frameworks @loader_path/Frameworks";
				PRODUCT_BUNDLE_IDENTIFIER = fff.ZDXOCRuntimeStudyTests;
				PRODUCT_NAME = "$(TARGET_NAME)";
				TEST_HOST = "$(BUILT_PRODUCTS_DIR)/ZDXOCRuntimeStudy.app/ZDXOCRuntimeStudy";
			};
			name = Release;
		};
		547D7CF51E5ED08C003D3111 /* Debug */ = {
			isa = XCBuildConfiguration;
			buildSettings = {
				INFOPLIST_FILE = ZDXOCRuntimeStudyUITests/Info.plist;
				LD_RUNPATH_SEARCH_PATHS = "$(inherited) @executable_path/Frameworks @loader_path/Frameworks";
				PRODUCT_BUNDLE_IDENTIFIER = fff.ZDXOCRuntimeStudyUITests;
				PRODUCT_NAME = "$(TARGET_NAME)";
				TEST_TARGET_NAME = ZDXOCRuntimeStudy;
			};
			name = Debug;
		};
		547D7CF61E5ED08C003D3111 /* Release */ = {
			isa = XCBuildConfiguration;
			buildSettings = {
				INFOPLIST_FILE = ZDXOCRuntimeStudyUITests/Info.plist;
				LD_RUNPATH_SEARCH_PATHS = "$(inherited) @executable_path/Frameworks @loader_path/Frameworks";
				PRODUCT_BUNDLE_IDENTIFIER = fff.ZDXOCRuntimeStudyUITests;
				PRODUCT_NAME = "$(TARGET_NAME)";
				TEST_TARGET_NAME = ZDXOCRuntimeStudy;
			};
			name = Release;
		};
/* End XCBuildConfiguration section */

/* Begin XCConfigurationList section */
		547D7CBC1E5ED08B003D3111 /* Build configuration list for PBXProject "ZDXOCRuntimeStudy" */ = {
			isa = XCConfigurationList;
			buildConfigurations = (
				547D7CEC1E5ED08C003D3111 /* Debug */,
				547D7CED1E5ED08C003D3111 /* Release */,
			);
			defaultConfigurationIsVisible = 0;
			defaultConfigurationName = Release;
		};
		547D7CEE1E5ED08C003D3111 /* Build configuration list for PBXNativeTarget "ZDXOCRuntimeStudy" */ = {
			isa = XCConfigurationList;
			buildConfigurations = (
				547D7CEF1E5ED08C003D3111 /* Debug */,
				547D7CF01E5ED08C003D3111 /* Release */,
			);
			defaultConfigurationIsVisible = 0;
		};
		547D7CF11E5ED08C003D3111 /* Build configuration list for PBXNativeTarget "ZDXOCRuntimeStudyTests" */ = {
			isa = XCConfigurationList;
			buildConfigurations = (
				547D7CF21E5ED08C003D3111 /* Debug */,
				547D7CF31E5ED08C003D3111 /* Release */,
			);
			defaultConfigurationIsVisible = 0;
		};
		547D7CF41E5ED08C003D3111 /* Build configuration list for PBXNativeTarget "ZDXOCRuntimeStudyUITests" */ = {
			isa = XCConfigurationList;
			buildConfigurations = (
				547D7CF51E5ED08C003D3111 /* Debug */,
				547D7CF61E5ED08C003D3111 /* Release */,
			);
			defaultConfigurationIsVisible = 0;
		};
/* End XCConfigurationList section */
	};
	rootObject = 547D7CB91E5ED08B003D3111 /* Project object */;
}
